
Microsoft Visual Studio Solution File, Format Version 12.00
# Visual Studio Version 16
VisualStudioVersion = 25.0.1700.0
MinimumVisualStudioVersion = 10.0.40219.1
Project("{FAE04EC0-301F-11D3-BF4B-00C04F79EFBC}") = "OpenTelemetryTestConsoleApp", "OpenTelemetryTestConsoleApp.csproj", "{9908196B-48D9-4387-A551-A647FFCB0481}"
EndProject
Global
	GlobalSection(SolutionConfigurationPlatforms) = preSolution
		Debug|Any CPU = Debug|Any CPU
		Release|Any CPU = Release|Any CPU
	EndGlobalSection
	GlobalSection(ProjectConfigurationPlatforms) = postSolution
		{9908196B-48D9-4387-A551-A647FFCB0481}.Debug|Any CPU.ActiveCfg = Debug|Any CPU
		{9908196B-48D9-4387-A551-A647FFCB0481}.Debug|Any CPU.Build.0 = Debug|Any CPU
		{9908196B-48D9-4387-A551-A647FFCB0481}.Release|Any CPU.ActiveCfg = Release|Any CPU
		{9908196B-48D9-4387-A551-A647FFCB0481}.Release|Any CPU.Build.0 = Release|Any CPU
	EndGlobalSection
	GlobalSection(SolutionProperties) = preSolution
		HideSolutionNode = FALSE
	EndGlobalSection
	GlobalSection(ExtensibilityGlobals) = postSolution
		SolutionGuid = {700FB328-9B4E-4116-88A6-EDEA979E69ED}
	EndGlobalSection
EndGlobal
